
Microsoft Visual Studio Solution File, Format Version 12.00
# Visual Studio Version 17
VisualStudioVersion = 17.0.31903.59
MinimumVisualStudioVersion = 10.0.40219.1
Project("{FAE04EC0-301F-11D3-BF4B-00C04F79EFBC}") = "ProductivitySuite", "ProductivitySuite\ProductivitySuite.csproj", "{0B9B6739-D785-4CAC-A1DD-117616FF30D9}"
EndProject
Project("{FAE04EC0-301F-11D3-BF4B-00C04F79EFBC}") = "Shared", "Shared\Shared.csproj", "{F594C475-1875-46BD-A7CB-3211D71ABC5A}"
EndProject
Project("{FAE04EC0-301F-11D3-BF4B-00C04F79EFBC}") = "ChargeTracker", "ChargeTracker\ChargeTracker.csproj", "{81B3EA15-7DA8-4E08-8098-4D05BD872FA0}"
EndProject
Global
	GlobalSection(SolutionConfigurationPlatforms) = preSolution
		Debug|Any CPU = Debug|Any CPU
		Release|Any CPU = Release|Any CPU
	EndGlobalSection
	GlobalSection(SolutionProperties) = preSolution
		HideSolutionNode = FALSE
	EndGlobalSection
	GlobalSection(ProjectConfigurationPlatforms) = postSolution
		{0B9B6739-D785-4CAC-A1DD-117616FF30D9}.Debug|Any CPU.ActiveCfg = Debug|Any CPU
		{0B9B6739-D785-4CAC-A1DD-117616FF30D9}.Debug|Any CPU.Build.0 = Debug|Any CPU
		{0B9B6739-D785-4CAC-A1DD-117616FF30D9}.Release|Any CPU.ActiveCfg = Release|Any CPU
		{0B9B6739-D785-4CAC-A1DD-117616FF30D9}.Release|Any CPU.Build.0 = Release|Any CPU
		{F594C475-1875-46BD-A7CB-3211D71ABC5A}.Debug|Any CPU.ActiveCfg = Debug|Any CPU
		{F594C475-1875-46BD-A7CB-3211D71ABC5A}.Debug|Any CPU.Build.0 = Debug|Any CPU
		{F594C475-1875-46BD-A7CB-3211D71ABC5A}.Release|Any CPU.ActiveCfg = Release|Any CPU
		{F594C475-1875-46BD-A7CB-3211D71ABC5A}.Release|Any CPU.Build.0 = Release|Any CPU
		{81B3EA15-7DA8-4E08-8098-4D05BD872FA0}.Debug|Any CPU.ActiveCfg = Debug|Any CPU
		{81B3EA15-7DA8-4E08-8098-4D05BD872FA0}.Debug|Any CPU.Build.0 = Debug|Any CPU
		{81B3EA15-7DA8-4E08-8098-4D05BD872FA0}.Release|Any CPU.ActiveCfg = Release|Any CPU
		{81B3EA15-7DA8-4E08-8098-4D05BD872FA0}.Release|Any CPU.Build.0 = Release|Any CPU
	EndGlobalSection
EndGlobal
